
Microsoft Visual Studio Solution File, Format Version 12.00
# Visual Studio Version 17
VisualStudioVersion = 17.0.31903.59
MinimumVisualStudioVersion = 10.0.40219.1
Project("{FAE04EC0-301F-11D3-BF4B-00C04F79EFBC}") = "Manga360.Api", "Manga360.Api\Manga360.Api.csproj", "{03333A17-C5A7-4EC9-884E-53993CED5691}"
EndProject
Project("{FAE04EC0-301F-11D3-BF4B-00C04F79EFBC}") = "Manga360.Web", "Manga360.Web\Manga360.Web.csproj", "{9D4A53F9-D91F-421C-BD6C-607F1CB12EFE}"
EndProject
Global
	GlobalSection(SolutionConfigurationPlatforms) = preSolution
		Debug|Any CPU = Debug|Any CPU
		Release|Any CPU = Release|Any CPU
	EndGlobalSection
	GlobalSection(SolutionProperties) = preSolution
		HideSolutionNode = FALSE
	EndGlobalSection
	GlobalSection(ProjectConfigurationPlatforms) = postSolution
		{03333A17-C5A7-4EC9-884E-53993CED5691}.Debug|Any CPU.ActiveCfg = Debug|Any CPU
		{03333A17-C5A7-4EC9-884E-53993CED5691}.Debug|Any CPU.Build.0 = Debug|Any CPU
		{03333A17-C5A7-4EC9-884E-53993CED5691}.Release|Any CPU.ActiveCfg = Release|Any CPU
		{03333A17-C5A7-4EC9-884E-53993CED5691}.Release|Any CPU.Build.0 = Release|Any CPU
		{9D4A53F9-D91F-421C-BD6C-607F1CB12EFE}.Debug|Any CPU.ActiveCfg = Debug|Any CPU
		{9D4A53F9-D91F-421C-BD6C-607F1CB12EFE}.Debug|Any CPU.Build.0 = Debug|Any CPU
		{9D4A53F9-D91F-421C-BD6C-607F1CB12EFE}.Release|Any CPU.ActiveCfg = Release|Any CPU
		{9D4A53F9-D91F-421C-BD6C-607F1CB12EFE}.Release|Any CPU.Build.0 = Release|Any CPU
	EndGlobalSection
EndGlobal
